
Microsoft Visual Studio Solution File, Format Version 12.00
# Visual Studio Version 17
VisualStudioVersion = 17.5.33516.290
MinimumVisualStudioVersion = 10.0.40219.1
Project("{FAE04EC0-301F-11D3-BF4B-00C04F79EFBC}") = "BankApi_UI_Layer", "BankApi_UI_Layer\BankApi_UI_Layer.csproj", "{249E1BE3-76A5-4D5B-A483-AA8920A44F90}"
EndProject
Project("{FAE04EC0-301F-11D3-BF4B-00C04F79EFBC}") = "Bank_Data_Layer", "Bank_Data_Layer\Bank_Data_Layer.csproj", "{107F75F8-EC8F-4E82-BBED-37145BB1974E}"
EndProject
Project("{FAE04EC0-301F-11D3-BF4B-00C04F79EFBC}") = "Bank_Logic_Layer", "Bank_Logic_Layer\Bank_Logic_Layer.csproj", "{D618E199-3D34-40D8-996C-F19640F9FC2D}"
EndProject
Global
	GlobalSection(SolutionConfigurationPlatforms) = preSolution
		Debug|Any CPU = Debug|Any CPU
		Release|Any CPU = Release|Any CPU
	EndGlobalSection
	GlobalSection(ProjectConfigurationPlatforms) = postSolution
		{249E1BE3-76A5-4D5B-A483-AA8920A44F90}.Debug|Any CPU.ActiveCfg = Debug|Any CPU
		{249E1BE3-76A5-4D5B-A483-AA8920A44F90}.Debug|Any CPU.Build.0 = Debug|Any CPU
		{249E1BE3-76A5-4D5B-A483-AA8920A44F90}.Release|Any CPU.ActiveCfg = Release|Any CPU
		{249E1BE3-76A5-4D5B-A483-AA8920A44F90}.Release|Any CPU.Build.0 = Release|Any CPU
		{107F75F8-EC8F-4E82-BBED-37145BB1974E}.Debug|Any CPU.ActiveCfg = Debug|Any CPU
		{107F75F8-EC8F-4E82-BBED-37145BB1974E}.Debug|Any CPU.Build.0 = Debug|Any CPU
		{107F75F8-EC8F-4E82-BBED-37145BB1974E}.Release|Any CPU.ActiveCfg = Release|Any CPU
		{107F75F8-EC8F-4E82-BBED-37145BB1974E}.Release|Any CPU.Build.0 = Release|Any CPU
		{D618E199-3D34-40D8-996C-F19640F9FC2D}.Debug|Any CPU.ActiveCfg = Debug|Any CPU
		{D618E199-3D34-40D8-996C-F19640F9FC2D}.Debug|Any CPU.Build.0 = Debug|Any CPU
		{D618E199-3D34-40D8-996C-F19640F9FC2D}.Release|Any CPU.ActiveCfg = Release|Any CPU
		{D618E199-3D34-40D8-996C-F19640F9FC2D}.Release|Any CPU.Build.0 = Release|Any CPU
	EndGlobalSection
	GlobalSection(SolutionProperties) = preSolution
		HideSolutionNode = FALSE
	EndGlobalSection
	GlobalSection(ExtensibilityGlobals) = postSolution
		SolutionGuid = {1FFFEC3B-9515-4CDF-8B3B-8AC1A6DE0867}
	EndGlobalSection
EndGlobal
